{
  "name": "pattern-collector-routesjs-import",
  "version": "1.4.2",
  "lockfileVersion": 3,
  "requires": true,
  "packages": {
    "": {
      "name": "pattern-collector-routesjs-import",
      "version": "1.4.2",
      "dependencies": {
        "pattern-collector": "^1.4.2"
      }
    },
    "node_modules/pattern-collector": {
      "version": "1.5.1",
      "resolved": "https://registry.npmjs.org/pattern-collector/-/pattern-collector-1.5.1.tgz",
      "integrity": "sha512-DM+hziazLWGOmdEn7dWfmUQoOFOnASEvt63BdtddUrDoPbjQvJvkZasrBXInxt5F6Qy7V35Lj5ua8KHEmmTdng=="
    }
  }
}
